# This file is automatically @generated by Cargo.
# It is not intended for manual editing.
[[package]]
name = "arc-swap"
version = "0.4.7"
source = "registry+https://github.com/rust-lang/crates.io-index"

[[package]]
name = "autocfg"
version = "1.0.0"
source = "registry+https://github.com/rust-lang/crates.io-index"

[[package]]
name = "cfg-if"
version = "0.1.10"
source = "registry+https://github.com/rust-lang/crates.io-index"

[[package]]
name = "crossbeam"
version = "0.7.3"
source = "registry+https://github.com/rust-lang/crates.io-index"
dependencies = [
 "cfg-if 0.1.10 (registry+https://github.com/rust-lang/crates.io-index)",
 "crossbeam-channel 0.4.2 (registry+https://github.com/rust-lang/crates.io-index)",
 "crossbeam-deque 0.7.3 (registry+https://github.com/rust-lang/crates.io-index)",
 "crossbeam-epoch 0.8.2 (registry+https://github.com/rust-lang/crates.io-index)",
 "crossbeam-queue 0.2.3 (registry+https://github.com/rust-lang/crates.io-index)",
 "crossbeam-utils 0.7.2 (registry+https://github.com/rust-lang/crates.io-index)",
]

[[package]]
name = "crossbeam-channel"
version = "0.4.2"
source = "registry+https://github.com/rust-lang/crates.io-index"
dependencies = [
 "crossbeam-utils 0.7.2 (registry+https://github.com/rust-lang/crates.io-index)",
 "maybe-uninit 2.0.0 (registry+https://github.com/rust-lang/crates.io-index)",
]

[[package]]
name = "crossbeam-deque"
version = "0.7.3"
source = "registry+https://github.com/rust-lang/crates.io-index"
dependencies = [
 "crossbeam-epoch 0.8.2 (registry+https://github.com/rust-lang/crates.io-index)",
 "crossbeam-utils 0.7.2 (registry+https://github.com/rust-lang/crates.io-index)",
 "maybe-uninit 2.0.0 (registry+https://github.com/rust-lang/crates.io-index)",
]

[[package]]
name = "crossbeam-epoch"
version = "0.8.2"
source = "registry+https://github.com/rust-lang/crates.io-index"
dependencies = [
 "autocfg 1.0.0 (registry+https://github.com/rust-lang/crates.io-index)",
 "cfg-if 0.1.10 (registry+https://github.com/rust-lang/crates.io-index)",
 "crossbeam-utils 0.7.2 (registry+https://github.com/rust-lang/crates.io-index)",
 "lazy_static 1.4.0 (registry+https://github.com/rust-lang/crates.io-index)",
 "maybe-uninit 2.0.0 (registry+https://github.com/rust-lang/crates.io-index)",
 "memoffset 0.5.4 (registry+https://github.com/rust-lang/crates.io-index)",
 "scopeguard 1.1.0 (registry+https://github.com/rust-lang/crates.io-index)",
]

[[package]]
name = "crossbeam-queue"
version = "0.2.3"
source = "registry+https://github.com/rust-lang/crates.io-index"
dependencies = [
 "cfg-if 0.1.10 (registry+https://github.com/rust-lang/crates.io-index)",
 "crossbeam-utils 0.7.2 (registry+https://github.com/rust-lang/crates.io-index)",
 "maybe-uninit 2.0.0 (registry+https://github.com/rust-lang/crates.io-index)",
]

[[package]]
name = "crossbeam-utils"
version = "0.7.2"
source = "registry+https://github.com/rust-lang/crates.io-index"
dependencies = [
 "autocfg 1.0.0 (registry+https://github.com/rust-lang/crates.io-index)",
 "cfg-if 0.1.10 (registry+https://github.com/rust-lang/crates.io-index)",
 "lazy_static 1.4.0 (registry+https://github.com/rust-lang/crates.io-index)",
]

[[package]]
name = "getopts"
version = "0.2.21"
source = "registry+https://github.com/rust-lang/crates.io-index"
dependencies = [
 "unicode-width 0.1.7 (registry+https://github.com/rust-lang/crates.io-index)",
]

[[package]]
name = "heatseeker"
version = "1.7.1"
dependencies = [
 "crossbeam 0.7.3 (registry+https://github.com/rust-lang/crates.io-index)",
 "getopts 0.2.21 (registry+https://github.com/rust-lang/crates.io-index)",
 "kernel32-sys 0.2.2 (registry+https://github.com/rust-lang/crates.io-index)",
 "libc 0.2.71 (registry+https://github.com/rust-lang/crates.io-index)",
 "num_cpus 1.13.0 (registry+https://github.com/rust-lang/crates.io-index)",
 "signal-hook 0.1.16 (registry+https://github.com/rust-lang/crates.io-index)",
 "time 0.1.43 (registry+https://github.com/rust-lang/crates.io-index)",
 "unicode-width 0.1.7 (registry+https://github.com/rust-lang/crates.io-index)",
 "winapi 0.2.8 (registry+https://github.com/rust-lang/crates.io-index)",
]

[[package]]
name = "hermit-abi"
version = "0.1.14"
source = "registry+https://github.com/rust-lang/crates.io-index"
dependencies = [
 "libc 0.2.71 (registry+https://github.com/rust-lang/crates.io-index)",
]

[[package]]
name = "kernel32-sys"
version = "0.2.2"
source = "registry+https://github.com/rust-lang/crates.io-index"
dependencies = [
 "winapi 0.2.8 (registry+https://github.com/rust-lang/crates.io-index)",
 "winapi-build 0.1.1 (registry+https://github.com/rust-lang/crates.io-index)",
]

[[package]]
name = "lazy_static"
version = "1.4.0"
source = "registry+https://github.com/rust-lang/crates.io-index"

[[package]]
name = "libc"
version = "0.2.71"
source = "registry+https://github.com/rust-lang/crates.io-index"

[[package]]
name = "maybe-uninit"
version = "2.0.0"
source = "registry+https://github.com/rust-lang/crates.io-index"

[[package]]
name = "memoffset"
version = "0.5.4"
source = "registry+https://github.com/rust-lang/crates.io-index"
dependencies = [
 "autocfg 1.0.0 (registry+https://github.com/rust-lang/crates.io-index)",
]

[[package]]
name = "num_cpus"
version = "1.13.0"
source = "registry+https://github.com/rust-lang/crates.io-index"
dependencies = [
 "hermit-abi 0.1.14 (registry+https://github.com/rust-lang/crates.io-index)",
 "libc 0.2.71 (registry+https://github.com/rust-lang/crates.io-index)",
]

[[package]]
name = "scopeguard"
version = "1.1.0"
source = "registry+https://github.com/rust-lang/crates.io-index"

[[package]]
name = "signal-hook"
version = "0.1.16"
source = "registry+https://github.com/rust-lang/crates.io-index"
dependencies = [
 "libc 0.2.71 (registry+https://github.com/rust-lang/crates.io-index)",
 "signal-hook-registry 1.2.0 (registry+https://github.com/rust-lang/crates.io-index)",
]

[[package]]
name = "signal-hook-registry"
version = "1.2.0"
source = "registry+https://github.com/rust-lang/crates.io-index"
dependencies = [
 "arc-swap 0.4.7 (registry+https://github.com/rust-lang/crates.io-index)",
 "libc 0.2.71 (registry+https://github.com/rust-lang/crates.io-index)",
]

[[package]]
name = "time"
version = "0.1.43"
source = "registry+https://github.com/rust-lang/crates.io-index"
dependencies = [
 "libc 0.2.71 (registry+https://github.com/rust-lang/crates.io-index)",
 "winapi 0.3.8 (registry+https://github.com/rust-lang/crates.io-index)",
]

[[package]]
name = "unicode-width"
version = "0.1.7"
source = "registry+https://github.com/rust-lang/crates.io-index"

[[package]]
name = "winapi"
version = "0.2.8"
source = "registry+https://github.com/rust-lang/crates.io-index"

[[package]]
name = "winapi"
version = "0.3.8"
source = "registry+https://github.com/rust-lang/crates.io-index"
dependencies = [
 "winapi-i686-pc-windows-gnu 0.4.0 (registry+https://github.com/rust-lang/crates.io-index)",
 "winapi-x86_64-pc-windows-gnu 0.4.0 (registry+https://github.com/rust-lang/crates.io-index)",
]

[[package]]
name = "winapi-build"
version = "0.1.1"
source = "registry+https://github.com/rust-lang/crates.io-index"

[[package]]
name = "winapi-i686-pc-windows-gnu"
version = "0.4.0"
source = "registry+https://github.com/rust-lang/crates.io-index"

[[package]]
name = "winapi-x86_64-pc-windows-gnu"
version = "0.4.0"
source = "registry+https://github.com/rust-lang/crates.io-index"

[metadata]
"checksum arc-swap 0.4.7 (registry+https://github.com/rust-lang/crates.io-index)" = "4d25d88fd6b8041580a654f9d0c581a047baee2b3efee13275f2fc392fc75034"
"checksum autocfg 1.0.0 (registry+https://github.com/rust-lang/crates.io-index)" = "f8aac770f1885fd7e387acedd76065302551364496e46b3dd00860b2f8359b9d"
"checksum cfg-if 0.1.10 (registry+https://github.com/rust-lang/crates.io-index)" = "4785bdd1c96b2a846b2bd7cc02e86b6b3dbf14e7e53446c4f54c92a361040822"
"checksum crossbeam 0.7.3 (registry+https://github.com/rust-lang/crates.io-index)" = "69323bff1fb41c635347b8ead484a5ca6c3f11914d784170b158d8449ab07f8e"
"checksum crossbeam-channel 0.4.2 (registry+https://github.com/rust-lang/crates.io-index)" = "cced8691919c02aac3cb0a1bc2e9b73d89e832bf9a06fc579d4e71b68a2da061"
"checksum crossbeam-deque 0.7.3 (registry+https://github.com/rust-lang/crates.io-index)" = "9f02af974daeee82218205558e51ec8768b48cf524bd01d550abe5573a608285"
"checksum crossbeam-epoch 0.8.2 (registry+https://github.com/rust-lang/crates.io-index)" = "058ed274caafc1f60c4997b5fc07bf7dc7cca454af7c6e81edffe5f33f70dace"
"checksum crossbeam-queue 0.2.3 (registry+https://github.com/rust-lang/crates.io-index)" = "774ba60a54c213d409d5353bda12d49cd68d14e45036a285234c8d6f91f92570"
"checksum crossbeam-utils 0.7.2 (registry+https://github.com/rust-lang/crates.io-index)" = "c3c7c73a2d1e9fc0886a08b93e98eb643461230d5f1925e4036204d5f2e261a8"
"checksum getopts 0.2.21 (registry+https://github.com/rust-lang/crates.io-index)" = "14dbbfd5c71d70241ecf9e6f13737f7b5ce823821063188d7e46c41d371eebd5"
"checksum hermit-abi 0.1.14 (registry+https://github.com/rust-lang/crates.io-index)" = "b9586eedd4ce6b3c498bc3b4dd92fc9f11166aa908a914071953768066c67909"
"checksum kernel32-sys 0.2.2 (registry+https://github.com/rust-lang/crates.io-index)" = "7507624b29483431c0ba2d82aece8ca6cdba9382bff4ddd0f7490560c056098d"
"checksum lazy_static 1.4.0 (registry+https://github.com/rust-lang/crates.io-index)" = "e2abad23fbc42b3700f2f279844dc832adb2b2eb069b2df918f455c4e18cc646"
"checksum libc 0.2.71 (registry+https://github.com/rust-lang/crates.io-index)" = "9457b06509d27052635f90d6466700c65095fdf75409b3fbdd903e988b886f49"
"checksum maybe-uninit 2.0.0 (registry+https://github.com/rust-lang/crates.io-index)" = "60302e4db3a61da70c0cb7991976248362f30319e88850c487b9b95bbf059e00"
"checksum memoffset 0.5.4 (registry+https://github.com/rust-lang/crates.io-index)" = "b4fc2c02a7e374099d4ee95a193111f72d2110197fe200272371758f6c3643d8"
"checksum num_cpus 1.13.0 (registry+https://github.com/rust-lang/crates.io-index)" = "05499f3756671c15885fee9034446956fff3f243d6077b91e5767df161f766b3"
"checksum scopeguard 1.1.0 (registry+https://github.com/rust-lang/crates.io-index)" = "d29ab0c6d3fc0ee92fe66e2d99f700eab17a8d57d1c1d3b748380fb20baa78cd"
"checksum signal-hook 0.1.16 (registry+https://github.com/rust-lang/crates.io-index)" = "604508c1418b99dfe1925ca9224829bb2a8a9a04dda655cc01fcad46f4ab05ed"
"checksum signal-hook-registry 1.2.0 (registry+https://github.com/rust-lang/crates.io-index)" = "94f478ede9f64724c5d173d7bb56099ec3e2d9fc2774aac65d34b8b890405f41"
"checksum time 0.1.43 (registry+https://github.com/rust-lang/crates.io-index)" = "ca8a50ef2360fbd1eeb0ecd46795a87a19024eb4b53c5dc916ca1fd95fe62438"
"checksum unicode-width 0.1.7 (registry+https://github.com/rust-lang/crates.io-index)" = "caaa9d531767d1ff2150b9332433f32a24622147e5ebb1f26409d5da67afd479"
"checksum winapi 0.2.8 (registry+https://github.com/rust-lang/crates.io-index)" = "167dc9d6949a9b857f3451275e911c3f44255842c1f7a76f33c55103a909087a"
"checksum winapi 0.3.8 (registry+https://github.com/rust-lang/crates.io-index)" = "8093091eeb260906a183e6ae1abdba2ef5ef2257a21801128899c3fc699229c6"
"checksum winapi-build 0.1.1 (registry+https://github.com/rust-lang/crates.io-index)" = "2d315eee3b34aca4797b2da6b13ed88266e6d612562a0c46390af8299fc699bc"
"checksum winapi-i686-pc-windows-gnu 0.4.0 (registry+https://github.com/rust-lang/crates.io-index)" = "ac3b87c63620426dd9b991e5ce0329eff545bccbbb34f3be09ff6fb6ab51b7b6"
"checksum winapi-x86_64-pc-windows-gnu 0.4.0 (registry+https://github.com/rust-lang/crates.io-index)" = "712e227841d057c1ee1cd2fb22fa7e5a5461ae8e48fa2ca79ec42cfc1931183f"
